
Microsoft Visual Studio Solution File, Format Version 12.00
# Visual Studio Version 16
VisualStudioVersion = 16.0.29911.84
MinimumVisualStudioVersion = 10.0.40219.1
Project("{FAE04EC0-301F-11D3-BF4B-00C04F79EFBC}") = "OrderVerification", "OrderVerification\OrderVerification.csproj", "{4690447A-D046-4F9C-B367-50EEE2F26B4A}"
EndProject
Global
	GlobalSection(SolutionConfigurationPlatforms) = preSolution
		Debug|Any CPU = Debug|Any CPU
		Release|Any CPU = Release|Any CPU
	EndGlobalSection
	GlobalSection(ProjectConfigurationPlatforms) = postSolution
		{4690447A-D046-4F9C-B367-50EEE2F26B4A}.Debug|Any CPU.ActiveCfg = Debug|Any CPU
		{4690447A-D046-4F9C-B367-50EEE2F26B4A}.Debug|Any CPU.Build.0 = Debug|Any CPU
		{4690447A-D046-4F9C-B367-50EEE2F26B4A}.Release|Any CPU.ActiveCfg = Release|Any CPU
		{4690447A-D046-4F9C-B367-50EEE2F26B4A}.Release|Any CPU.Build.0 = Release|Any CPU
	EndGlobalSection
	GlobalSection(SolutionProperties) = preSolution
		HideSolutionNode = FALSE
	EndGlobalSection
	GlobalSection(ExtensibilityGlobals) = postSolution
		SolutionGuid = {E1FD5934-39FF-46CA-B014-A66FE897AA79}
	EndGlobalSection
EndGlobal
