
Microsoft Visual Studio Solution File, Format Version 12.00
# Visual Studio Version 16
VisualStudioVersion = 16.0.29911.84
MinimumVisualStudioVersion = 10.0.40219.1
Project("{FAE04EC0-301F-11D3-BF4B-00C04F79EFBC}") = "LottoSimulation", "LottoSimulation\LottoSimulation.csproj", "{086DF421-8F96-40E9-9A87-991D258B24F5}"
EndProject
Global
	GlobalSection(SolutionConfigurationPlatforms) = preSolution
		Debug|Any CPU = Debug|Any CPU
		Release|Any CPU = Release|Any CPU
	EndGlobalSection
	GlobalSection(ProjectConfigurationPlatforms) = postSolution
		{086DF421-8F96-40E9-9A87-991D258B24F5}.Debug|Any CPU.ActiveCfg = Debug|Any CPU
		{086DF421-8F96-40E9-9A87-991D258B24F5}.Debug|Any CPU.Build.0 = Debug|Any CPU
		{086DF421-8F96-40E9-9A87-991D258B24F5}.Release|Any CPU.ActiveCfg = Release|Any CPU
		{086DF421-8F96-40E9-9A87-991D258B24F5}.Release|Any CPU.Build.0 = Release|Any CPU
	EndGlobalSection
	GlobalSection(SolutionProperties) = preSolution
		HideSolutionNode = FALSE
	EndGlobalSection
	GlobalSection(ExtensibilityGlobals) = postSolution
		SolutionGuid = {BCCA2327-4D7B-483A-9F18-8C6C7EE90864}
	EndGlobalSection
EndGlobal
