
Microsoft Visual Studio Solution File, Format Version 12.00
# Visual Studio Version 16
VisualStudioVersion = 16.0.29911.84
MinimumVisualStudioVersion = 10.0.40219.1
Project("{FAE04EC0-301F-11D3-BF4B-00C04F79EFBC}") = "Centrechner", "Centrechner\Centrechner.csproj", "{C9D85DB3-88B7-4989-93E7-57728038DF6D}"
EndProject
Global
	GlobalSection(SolutionConfigurationPlatforms) = preSolution
		Debug|Any CPU = Debug|Any CPU
		Release|Any CPU = Release|Any CPU
	EndGlobalSection
	GlobalSection(ProjectConfigurationPlatforms) = postSolution
		{C9D85DB3-88B7-4989-93E7-57728038DF6D}.Debug|Any CPU.ActiveCfg = Debug|Any CPU
		{C9D85DB3-88B7-4989-93E7-57728038DF6D}.Debug|Any CPU.Build.0 = Debug|Any CPU
		{C9D85DB3-88B7-4989-93E7-57728038DF6D}.Release|Any CPU.ActiveCfg = Release|Any CPU
		{C9D85DB3-88B7-4989-93E7-57728038DF6D}.Release|Any CPU.Build.0 = Release|Any CPU
	EndGlobalSection
	GlobalSection(SolutionProperties) = preSolution
		HideSolutionNode = FALSE
	EndGlobalSection
	GlobalSection(ExtensibilityGlobals) = postSolution
		SolutionGuid = {06EB6AE0-2406-48A6-BC65-BFA5B61A2BEE}
	EndGlobalSection
EndGlobal
