
Microsoft Visual Studio Solution File, Format Version 12.00
# Visual Studio Version 16
VisualStudioVersion = 16.0.29911.84
MinimumVisualStudioVersion = 10.0.40219.1
Project("{FAE04EC0-301F-11D3-BF4B-00C04F79EFBC}") = "AutoGuessNumber", "AutoGuessNumber\AutoGuessNumber.csproj", "{F78A0070-161B-4A04-8F8B-C108167231F0}"
EndProject
Global
	GlobalSection(SolutionConfigurationPlatforms) = preSolution
		Debug|Any CPU = Debug|Any CPU
		Release|Any CPU = Release|Any CPU
	EndGlobalSection
	GlobalSection(ProjectConfigurationPlatforms) = postSolution
		{F78A0070-161B-4A04-8F8B-C108167231F0}.Debug|Any CPU.ActiveCfg = Debug|Any CPU
		{F78A0070-161B-4A04-8F8B-C108167231F0}.Debug|Any CPU.Build.0 = Debug|Any CPU
		{F78A0070-161B-4A04-8F8B-C108167231F0}.Release|Any CPU.ActiveCfg = Release|Any CPU
		{F78A0070-161B-4A04-8F8B-C108167231F0}.Release|Any CPU.Build.0 = Release|Any CPU
	EndGlobalSection
	GlobalSection(SolutionProperties) = preSolution
		HideSolutionNode = FALSE
	EndGlobalSection
	GlobalSection(ExtensibilityGlobals) = postSolution
		SolutionGuid = {2DCA32E7-3763-4741-A5C6-A4BF166740CB}
	EndGlobalSection
EndGlobal
